
Microsoft Visual Studio Solution File, Format Version 12.00
# Visual Studio Version 17
VisualStudioVersion = 17.4.33027.239
MinimumVisualStudioVersion = 10.0.40219.1
Project("{FAE04EC0-301F-11D3-BF4B-00C04F79EFBC}") = "MolePatrolAPI", "MolePatrolAPI.csproj", "{A2FFD7A5-C3A2-4BE9-BC3A-096358C2691C}"
EndProject
Global
	GlobalSection(SolutionConfigurationPlatforms) = preSolution
		Debug|Any CPU = Debug|Any CPU
		Release|Any CPU = Release|Any CPU
	EndGlobalSection
	GlobalSection(ProjectConfigurationPlatforms) = postSolution
		{A2FFD7A5-C3A2-4BE9-BC3A-096358C2691C}.Debug|Any CPU.ActiveCfg = Debug|Any CPU
		{A2FFD7A5-C3A2-4BE9-BC3A-096358C2691C}.Debug|Any CPU.Build.0 = Debug|Any CPU
		{A2FFD7A5-C3A2-4BE9-BC3A-096358C2691C}.Release|Any CPU.ActiveCfg = Release|Any CPU
		{A2FFD7A5-C3A2-4BE9-BC3A-096358C2691C}.Release|Any CPU.Build.0 = Release|Any CPU
	EndGlobalSection
	GlobalSection(SolutionProperties) = preSolution
		HideSolutionNode = FALSE
	EndGlobalSection
	GlobalSection(ExtensibilityGlobals) = postSolution
		SolutionGuid = {B5F42B22-556F-47CA-B37B-EEF87B5230C6}
	EndGlobalSection
EndGlobal
